// !$*UTF8*$!
{
	archiveVersion = 1;
	classes = {
	};
	objectVersion = 50;
	objects = {

/* Begin PBXBuildFile section */
		AB8A580A243D6275001E2D65 /* AppDelegate.swift in Sources */ = {isa = PBXBuildFile; fileRef = AB8A5809243D6275001E2D65 /* AppDelegate.swift */; };
		AB8A580C243D6275001E2D65 /* SceneDelegate.swift in Sources */ = {isa = PBXBuildFile; fileRef = AB8A580B243D6275001E2D65 /* SceneDelegate.swift */; };
		AB8A5811243D6276001E2D65 /* Main.storyboard in Resources */ = {isa = PBXBuildFile; fileRef = AB8A580F243D6276001E2D65 /* Main.storyboard */; };
		AB8A5813243D62C4001E2D65 /* Assets.xcassets in Resources */ = {isa = PBXBuildFile; fileRef = AB8A5812243D62C4001E2D65 /* Assets.xcassets */; };
		AB8A5816243D62C4001E2D65 /* LaunchScreen.storyboard in Resources */ = {isa = PBXBuildFile; fileRef = AB8A5814243D62C4001E2D65 /* LaunchScreen.storyboard */; };
		AB8A581E243D6B8B001E2D65 /* ColorsTableViewController.swift in Sources */ = {isa = PBXBuildFile; fileRef = AB8A581D243D6B8B001E2D65 /* ColorsTableViewController.swift */; };
		AB8A5820243D6BE8001E2D65 /* ColorDetailViewController.swift in Sources */ = {isa = PBXBuildFile; fileRef = AB8A581F243D6BE7001E2D65 /* ColorDetailViewController.swift */; };
		AB8A5826243D6E46001E2D65 /* color.swift in Sources */ = {isa = PBXBuildFile; fileRef = AB8A5825243D6E46001E2D65 /* color.swift */; };
/* End PBXBuildFile section */

/* Begin PBXFileReference section */
		AB8A5806243D6274001E2D65 /* Rainbow.app */ = {isa = PBXFileReference; explicitFileType = wrapper.application; includeInIndex = 0; path = Rainbow.app; sourceTree = BUILT_PRODUCTS_DIR; };
		AB8A5809243D6275001E2D65 /* AppDelegate.swift */ = {isa = PBXFileReference; lastKnownFileType = sourcecode.swift; path = AppDelegate.swift; sourceTree = "<group>"; };
		AB8A580B243D6275001E2D65 /* SceneDelegate.swift */ = {isa = PBXFileReference; lastKnownFileType = sourcecode.swift; path = SceneDelegate.swift; sourceTree = "<group>"; };
		AB8A5810243D6276001E2D65 /* Base */ = {isa = PBXFileReference; lastKnownFileType = file.storyboard; name = Base; path = Base.lproj/Main.storyboard; sourceTree = "<group>"; };
		AB8A5812243D62C4001E2D65 /* Assets.xcassets */ = {isa = PBXFileReference; lastKnownFileType = folder.assetcatalog; path = Assets.xcassets; sourceTree = "<group>"; };
		AB8A5815243D62C4001E2D65 /* Base */ = {isa = PBXFileReference; lastKnownFileType = file.storyboard; name = Base; path = Base.lproj/LaunchScreen.storyboard; sourceTree = "<group>"; };
		AB8A5817243D62C4001E2D65 /* Info.plist */ = {isa = PBXFileReference; lastKnownFileType = text.plist.xml; path = Info.plist; sourceTree = "<group>"; };
		AB8A581D243D6B8B001E2D65 /* ColorsTableViewController.swift */ = {isa = PBXFileReference; lastKnownFileType = sourcecode.swift; path = ColorsTableViewController.swift; sourceTree = "<group>"; };
		AB8A581F243D6BE7001E2D65 /* ColorDetailViewController.swift */ = {isa = PBXFileReference; lastKnownFileType = sourcecode.swift; path = ColorDetailViewController.swift; sourceTree = "<group>"; };
		AB8A5825243D6E46001E2D65 /* color.swift */ = {isa = PBXFileReference; lastKnownFileType = sourcecode.swift; path = color.swift; sourceTree = "<group>"; };
/* End PBXFileReference section */

/* Begin PBXFrameworksBuildPhase section */
		AB8A5803243D6272001E2D65 /* Frameworks */ = {
			isa = PBXFrameworksBuildPhase;
			buildActionMask = 2147483647;
			files = (
			);
			runOnlyForDeploymentPostprocessing = 0;
		};
/* End PBXFrameworksBuildPhase section */

/* Begin PBXGroup section */
		AB8A57FD243D6270001E2D65 = {
			isa = PBXGroup;
			children = (
				AB8A5808243D6274001E2D65 /* Rainbow */,
				AB8A5807243D6274001E2D65 /* Products */,
			);
			sourceTree = "<group>";
		};
		AB8A5807243D6274001E2D65 /* Products */ = {
			isa = PBXGroup;
			children = (
				AB8A5806243D6274001E2D65 /* Rainbow.app */,
			);
			name = Products;
			sourceTree = "<group>";
		};
		AB8A5808243D6274001E2D65 /* Rainbow */ = {
			isa = PBXGroup;
			children = (
				AB8A5824243D6D3A001E2D65 /* Resources */,
				AB8A5821243D6CE2001E2D65 /* Model */,
				AB8A5823243D6CF3001E2D65 /* View Controllers */,
				AB8A5822243D6CEB001E2D65 /* Views */,
				AB8A5817243D62C4001E2D65 /* Info.plist */,
			);
			path = Rainbow;
			sourceTree = "<group>";
		};
		AB8A5821243D6CE2001E2D65 /* Model */ = {
			isa = PBXGroup;
			children = (
				AB8A5825243D6E46001E2D65 /* color.swift */,
			);
			path = Model;
			sourceTree = "<group>";
		};
		AB8A5822243D6CEB001E2D65 /* Views */ = {
			isa = PBXGroup;
			children = (
				AB8A580F243D6276001E2D65 /* Main.storyboard */,
			);
			path = Views;
			sourceTree = "<group>";
		};
		AB8A5823243D6CF3001E2D65 /* View Controllers */ = {
			isa = PBXGroup;
			children = (
				AB8A581D243D6B8B001E2D65 /* ColorsTableViewController.swift */,
				AB8A581F243D6BE7001E2D65 /* ColorDetailViewController.swift */,
			);
			path = "View Controllers";
			sourceTree = "<group>";
		};
		AB8A5824243D6D3A001E2D65 /* Resources */ = {
			isa = PBXGroup;
			children = (
				AB8A5809243D6275001E2D65 /* AppDelegate.swift */,
				AB8A580B243D6275001E2D65 /* SceneDelegate.swift */,
				AB8A5812243D62C4001E2D65 /* Assets.xcassets */,
				AB8A5814243D62C4001E2D65 /* LaunchScreen.storyboard */,
			);
			path = Resources;
			sourceTree = "<group>";
		};
/* End PBXGroup section */

/* Begin PBXNativeTarget section */
		AB8A5805243D6272001E2D65 /* Rainbow */ = {
			isa = PBXNativeTarget;
			buildConfigurationList = AB8A581A243D62C4001E2D65 /* Build configuration list for PBXNativeTarget "Rainbow" */;
			buildPhases = (
				AB8A5802243D6272001E2D65 /* Sources */,
				AB8A5803243D6272001E2D65 /* Frameworks */,
				AB8A5804243D6272001E2D65 /* Resources */,
			);
			buildRules = (
			);
			dependencies = (
			);
			name = Rainbow;
			productName = Rainbow;
			productReference = AB8A5806243D6274001E2D65 /* Rainbow.app */;
			productType = "com.apple.product-type.application";
		};
/* End PBXNativeTarget section */

/* Begin PBXProject section */
		AB8A57FE243D6270001E2D65 /* Project object */ = {
			isa = PBXProject;
			attributes = {
				LastSwiftUpdateCheck = 1130;
				LastUpgradeCheck = 1130;
				ORGANIZATIONNAME = LambdaStudent;
				TargetAttributes = {
					AB8A5805243D6272001E2D65 = {
						CreatedOnToolsVersion = 11.3.1;
					};
				};
			};
			buildConfigurationList = AB8A5801243D6271001E2D65 /* Build configuration list for PBXProject "Rainbow" */;
			compatibilityVersion = "Xcode 9.3";
			developmentRegion = en;
			hasScannedForEncodings = 0;
			knownRegions = (
				en,
				Base,
			);
			mainGroup = AB8A57FD243D6270001E2D65;
			productRefGroup = AB8A5807243D6274001E2D65 /* Products */;
			projectDirPath = "";
			projectRoot = "";
			targets = (
				AB8A5805243D6272001E2D65 /* Rainbow */,
			);
		};
/* End PBXProject section */

/* Begin PBXResourcesBuildPhase section */
		AB8A5804243D6272001E2D65 /* Resources */ = {
			isa = PBXResourcesBuildPhase;
			buildActionMask = 2147483647;
			files = (
				AB8A5816243D62C4001E2D65 /* LaunchScreen.storyboard in Resources */,
				AB8A5813243D62C4001E2D65 /* Assets.xcassets in Resources */,
				AB8A5811243D6276001E2D65 /* Main.storyboard in Resources */,
			);
			runOnlyForDeploymentPostprocessing = 0;
		};
/* End PBXResourcesBuildPhase section */

/* Begin PBXSourcesBuildPhase section */
		AB8A5802243D6272001E2D65 /* Sources */ = {
			isa = PBXSourcesBuildPhase;
			buildActionMask = 2147483647;
			files = (
				AB8A580A243D6275001E2D65 /* AppDelegate.swift in Sources */,
				AB8A580C243D6275001E2D65 /* SceneDelegate.swift in Sources */,
				AB8A581E243D6B8B001E2D65 /* ColorsTableViewController.swift in Sources */,
				AB8A5826243D6E46001E2D65 /* color.swift in Sources */,
				AB8A5820243D6BE8001E2D65 /* ColorDetailViewController.swift in Sources */,
			);
			runOnlyForDeploymentPostprocessing = 0;
		};
/* End PBXSourcesBuildPhase section */

/* Begin PBXVariantGroup section */
		AB8A580F243D6276001E2D65 /* Main.storyboard */ = {
			isa = PBXVariantGroup;
			children = (
				AB8A5810243D6276001E2D65 /* Base */,
			);
			name = Main.storyboard;
			sourceTree = "<group>";
		};
		AB8A5814243D62C4001E2D65 /* LaunchScreen.storyboard */ = {
			isa = PBXVariantGroup;
			children = (
				AB8A5815243D62C4001E2D65 /* Base */,
			);
			name = LaunchScreen.storyboard;
			sourceTree = "<group>";
		};
/* End PBXVariantGroup section */

/* Begin XCBuildConfiguration section */
		AB8A5818243D62C4001E2D65 /* Debug */ = {
			isa = XCBuildConfiguration;
			buildSettings = {
				ALWAYS_SEARCH_USER_PATHS = NO;
				CLANG_ANALYZER_NONNULL = YES;
				CLANG_ANALYZER_NUMBER_OBJECT_CONVERSION = YES_AGGRESSIVE;
				CLANG_CXX_LANGUAGE_STANDARD = "gnu++14";
				CLANG_CXX_LIBRARY = "libc++";
				CLANG_ENABLE_MODULES = YES;
				CLANG_ENABLE_OBJC_ARC = YES;
				CLANG_ENABLE_OBJC_WEAK = YES;
				CLANG_WARN_BLOCK_CAPTURE_AUTORELEASING = YES;
				CLANG_WARN_BOOL_CONVERSION = YES;
				CLANG_WARN_COMMA = YES;
				CLANG_WARN_CONSTANT_CONVERSION = YES;
				CLANG_WARN_DEPRECATED_OBJC_IMPLEMENTATIONS = YES;
				CLANG_WARN_DIRECT_OBJC_ISA_USAGE = YES_ERROR;
				CLANG_WARN_DOCUMENTATION_COMMENTS = YES;
				CLANG_WARN_EMPTY_BODY = YES;
				CLANG_WARN_ENUM_CONVERSION = YES;
				CLANG_WARN_INFINITE_RECURSION = YES;
				CLANG_WARN_INT_CONVERSION = YES;
				CLANG_WARN_NON_LITERAL_NULL_CONVERSION = YES;
				CLANG_WARN_OBJC_IMPLICIT_RETAIN_SELF = YES;
				CLANG_WARN_OBJC_LITERAL_CONVERSION = YES;
				CLANG_WARN_OBJC_ROOT_CLASS = YES_ERROR;
				CLANG_WARN_RANGE_LOOP_ANALYSIS = YES;
				CLANG_WARN_STRICT_PROTOTYPES = YES;
				CLANG_WARN_SUSPICIOUS_MOVE = YES;
				CLANG_WARN_UNGUARDED_AVAILABILITY = YES_AGGRESSIVE;
				CLANG_WARN_UNREACHABLE_CODE = YES;
				CLANG_WARN__DUPLICATE_METHOD_MATCH = YES;
				COPY_PHASE_STRIP = NO;
				DEBUG_INFORMATION_FORMAT = dwarf;
				ENABLE_STRICT_OBJC_MSGSEND = YES;
				ENABLE_TESTABILITY = YES;
				GCC_C_LANGUAGE_STANDARD = gnu11;
				GCC_DYNAMIC_NO_PIC = NO;
				GCC_NO_COMMON_BLOCKS = YES;
				GCC_OPTIMIZATION_LEVEL = 0;
				GCC_PREPROCESSOR_DEFINITIONS = (
					"DEBUG=1",
					"$(inherited)",
				);
				GCC_WARN_64_TO_32_BIT_CONVERSION = YES;
				GCC_WARN_ABOUT_RETURN_TYPE = YES_ERROR;
				GCC_WARN_UNDECLARED_SELECTOR = YES;
				GCC_WARN_UNINITIALIZED_AUTOS = YES_AGGRESSIVE;
				GCC_WARN_UNUSED_FUNCTION = YES;
				GCC_WARN_UNUSED_VARIABLE = YES;
				IPHONEOS_DEPLOYMENT_TARGET = 13.2;
				MTL_ENABLE_DEBUG_INFO = INCLUDE_SOURCE;
				MTL_FAST_MATH = YES;
				ONLY_ACTIVE_ARCH = YES;
				SDKROOT = iphoneos;
				SWIFT_ACTIVE_COMPILATION_CONDITIONS = DEBUG;
				SWIFT_OPTIMIZATION_LEVEL = "-Onone";
			};
			name = Debug;
		};
		AB8A5819243D62C4001E2D65 /* Release */ = {
			isa = XCBuildConfiguration;
			buildSettings = {
				ALWAYS_SEARCH_USER_PATHS = NO;
				CLANG_ANALYZER_NONNULL = YES;
				CLANG_ANALYZER_NUMBER_OBJECT_CONVERSION = YES_AGGRESSIVE;
				CLANG_CXX_LANGUAGE_STANDARD = "gnu++14";
				CLANG_CXX_LIBRARY = "libc++";
				CLANG_ENABLE_MODULES = YES;
				CLANG_ENABLE_OBJC_ARC = YES;
				CLANG_ENABLE_OBJC_WEAK = YES;
				CLANG_WARN_BLOCK_CAPTURE_AUTORELEASING = YES;
				CLANG_WARN_BOOL_CONVERSION = YES;
				CLANG_WARN_COMMA = YES;
				CLANG_WARN_CONSTANT_CONVERSION = YES;
				CLANG_WARN_DEPRECATED_OBJC_IMPLEMENTATIONS = YES;
				CLANG_WARN_DIRECT_OBJC_ISA_USAGE = YES_ERROR;
				CLANG_WARN_DOCUMENTATION_COMMENTS = YES;
				CLANG_WARN_EMPTY_BODY = YES;
				CLANG_WARN_ENUM_CONVERSION = YES;
				CLANG_WARN_INFINITE_RECURSION = YES;
				CLANG_WARN_INT_CONVERSION = YES;
				CLANG_WARN_NON_LITERAL_NULL_CONVERSION = YES;
				CLANG_WARN_OBJC_IMPLICIT_RETAIN_SELF = YES;
				CLANG_WARN_OBJC_LITERAL_CONVERSION = YES;
				CLANG_WARN_OBJC_ROOT_CLASS = YES_ERROR;
				CLANG_WARN_RANGE_LOOP_ANALYSIS = YES;
				CLANG_WARN_STRICT_PROTOTYPES = YES;
				CLANG_WARN_SUSPICIOUS_MOVE = YES;
				CLANG_WARN_UNGUARDED_AVAILABILITY = YES_AGGRESSIVE;
				CLANG_WARN_UNREACHABLE_CODE = YES;
				CLANG_WARN__DUPLICATE_METHOD_MATCH = YES;
				COPY_PHASE_STRIP = NO;
				DEBUG_INFORMATION_FORMAT = "dwarf-with-dsym";
				ENABLE_NS_ASSERTIONS = NO;
				ENABLE_STRICT_OBJC_MSGSEND = YES;
				GCC_C_LANGUAGE_STANDARD = gnu11;
				GCC_NO_COMMON_BLOCKS = YES;
				GCC_WARN_64_TO_32_BIT_CONVERSION = YES;
				GCC_WARN_ABOUT_RETURN_TYPE = YES_ERROR;
				GCC_WARN_UNDECLARED_SELECTOR = YES;
				GCC_WARN_UNINITIALIZED_AUTOS = YES_AGGRESSIVE;
				GCC_WARN_UNUSED_FUNCTION = YES;
				GCC_WARN_UNUSED_VARIABLE = YES;
				IPHONEOS_DEPLOYMENT_TARGET = 13.2;
				MTL_ENABLE_DEBUG_INFO = NO;
				MTL_FAST_MATH = YES;
				SDKROOT = iphoneos;
				SWIFT_COMPILATION_MODE = wholemodule;
				SWIFT_OPTIMIZATION_LEVEL = "-O";
				VALIDATE_PRODUCT = YES;
			};
			name = Release;
		};
		AB8A581B243D62C4001E2D65 /* Debug */ = {
			isa = XCBuildConfiguration;
			buildSettings = {
				ASSETCATALOG_COMPILER_APPICON_NAME = AppIcon;
				CODE_SIGN_STYLE = Automatic;
				INFOPLIST_FILE = Rainbow/Info.plist;
				LD_RUNPATH_SEARCH_PATHS = (
					"$(inherited)",
					"@executable_path/Frameworks",
				);
				PRODUCT_BUNDLE_IDENTIFIER = com.zachthac.Rainbow;
				PRODUCT_NAME = "$(TARGET_NAME)";
				SWIFT_VERSION = 5.0;
				TARGETED_DEVICE_FAMILY = "1,2";
			};
			name = Debug;
		};
		AB8A581C243D62C4001E2D65 /* Release */ = {
			isa = XCBuildConfiguration;
			buildSettings = {
				ASSETCATALOG_COMPILER_APPICON_NAME = AppIcon;
				CODE_SIGN_STYLE = Automatic;
				INFOPLIST_FILE = Rainbow/Info.plist;
				LD_RUNPATH_SEARCH_PATHS = (
					"$(inherited)",
					"@executable_path/Frameworks",
				);
				PRODUCT_BUNDLE_IDENTIFIER = com.zachthac.Rainbow;
				PRODUCT_NAME = "$(TARGET_NAME)";
				SWIFT_VERSION = 5.0;
				TARGETED_DEVICE_FAMILY = "1,2";
			};
			name = Release;
		};
/* End XCBuildConfiguration section */

/* Begin XCConfigurationList section */
		AB8A5801243D6271001E2D65 /* Build configuration list for PBXProject "Rainbow" */ = {
			isa = XCConfigurationList;
			buildConfigurations = (
				AB8A5818243D62C4001E2D65 /* Debug */,
				AB8A5819243D62C4001E2D65 /* Release */,
			);
			defaultConfigurationIsVisible = 0;
			defaultConfigurationName = Release;
		};
		AB8A581A243D62C4001E2D65 /* Build configuration list for PBXNativeTarget "Rainbow" */ = {
			isa = XCConfigurationList;
			buildConfigurations = (
				AB8A581B243D62C4001E2D65 /* Debug */,
				AB8A581C243D62C4001E2D65 /* Release */,
			);
			defaultConfigurationIsVisible = 0;
			defaultConfigurationName = Release;
		};
/* End XCConfigurationList section */
	};
	rootObject = AB8A57FE243D6270001E2D65 /* Project object */;
}
